
Microsoft Visual Studio Solution File, Format Version 12.00
# Visual Studio Version 17
VisualStudioVersion = 17.9.34616.47
MinimumVisualStudioVersion = 10.0.40219.1
Project("{FAE04EC0-301F-11D3-BF4B-00C04F79EFBC}") = "GorselProgramlamaVızeOdevı", "GorselProgramlamaVızeOdevı\GorselProgramlamaVızeOdevı.csproj", "{C5191E36-6E37-40D3-8B19-04531306D10E}"
EndProject
Global
	GlobalSection(SolutionConfigurationPlatforms) = preSolution
		Debug|Any CPU = Debug|Any CPU
		Release|Any CPU = Release|Any CPU
	EndGlobalSection
	GlobalSection(ProjectConfigurationPlatforms) = postSolution
		{C5191E36-6E37-40D3-8B19-04531306D10E}.Debug|Any CPU.ActiveCfg = Debug|Any CPU
		{C5191E36-6E37-40D3-8B19-04531306D10E}.Debug|Any CPU.Build.0 = Debug|Any CPU
		{C5191E36-6E37-40D3-8B19-04531306D10E}.Release|Any CPU.ActiveCfg = Release|Any CPU
		{C5191E36-6E37-40D3-8B19-04531306D10E}.Release|Any CPU.Build.0 = Release|Any CPU
	EndGlobalSection
	GlobalSection(SolutionProperties) = preSolution
		HideSolutionNode = FALSE
	EndGlobalSection
	GlobalSection(ExtensibilityGlobals) = postSolution
		SolutionGuid = {78D3C180-CF85-487F-96BE-1482B3F2A63E}
	EndGlobalSection
EndGlobal
